// !$*UTF8*$!
{
	archiveVersion = 1;
	classes = {
	};
	objectVersion = 55;
	objects = {

/* Begin PBXBuildFile section */
		3F32C5DE288DAEAFFCFDC58A /* Pods_Flix_FlixUITests.framework in Frameworks */ = {isa = PBXBuildFile; fileRef = C221A627A57895DC7A65B830 /* Pods_Flix_FlixUITests.framework */; };
		574D3B7D549736145516FDCC /* Pods_FlixTests.framework in Frameworks */ = {isa = PBXBuildFile; fileRef = 8EBCBAAEAA5E44F36E312485 /* Pods_FlixTests.framework */; };
		A48DA94828CF3D81003737A5 /* MovieCell.swift in Sources */ = {isa = PBXBuildFile; fileRef = A48DA94728CF3D81003737A5 /* MovieCell.swift */; };
		A4B9DAB328CF2A4800AC7395 /* AppDelegate.swift in Sources */ = {isa = PBXBuildFile; fileRef = A4B9DAB228CF2A4800AC7395 /* AppDelegate.swift */; };
		A4B9DAB528CF2A4800AC7395 /* SceneDelegate.swift in Sources */ = {isa = PBXBuildFile; fileRef = A4B9DAB428CF2A4800AC7395 /* SceneDelegate.swift */; };
		A4B9DAB728CF2A4800AC7395 /* ViewController.swift in Sources */ = {isa = PBXBuildFile; fileRef = A4B9DAB628CF2A4800AC7395 /* ViewController.swift */; };
		A4B9DABA28CF2A4800AC7395 /* Main.storyboard in Resources */ = {isa = PBXBuildFile; fileRef = A4B9DAB828CF2A4800AC7395 /* Main.storyboard */; };
		A4B9DABC28CF2A4900AC7395 /* Assets.xcassets in Resources */ = {isa = PBXBuildFile; fileRef = A4B9DABB28CF2A4900AC7395 /* Assets.xcassets */; };
		A4B9DABF28CF2A4900AC7395 /* LaunchScreen.storyboard in Resources */ = {isa = PBXBuildFile; fileRef = A4B9DABD28CF2A4900AC7395 /* LaunchScreen.storyboard */; };
		A4B9DACA28CF2A4900AC7395 /* FlixTests.swift in Sources */ = {isa = PBXBuildFile; fileRef = A4B9DAC928CF2A4900AC7395 /* FlixTests.swift */; };
		A4B9DAD428CF2A4900AC7395 /* FlixUITests.swift in Sources */ = {isa = PBXBuildFile; fileRef = A4B9DAD328CF2A4900AC7395 /* FlixUITests.swift */; };
		A4B9DAD628CF2A4900AC7395 /* FlixUITestsLaunchTests.swift in Sources */ = {isa = PBXBuildFile; fileRef = A4B9DAD528CF2A4900AC7395 /* FlixUITestsLaunchTests.swift */; };
		D93C60C568E9F37F575F7F01 /* Pods_Flix.framework in Frameworks */ = {isa = PBXBuildFile; fileRef = 51D62E0017D286CDB0C047F7 /* Pods_Flix.framework */; };
/* End PBXBuildFile section */

/* Begin PBXContainerItemProxy section */
		A4B9DAC628CF2A4900AC7395 /* PBXContainerItemProxy */ = {
			isa = PBXContainerItemProxy;
			containerPortal = A4B9DAA728CF2A4800AC7395 /* Project object */;
			proxyType = 1;
			remoteGlobalIDString = A4B9DAAE28CF2A4800AC7395;
			remoteInfo = Flix;
		};
		A4B9DAD028CF2A4900AC7395 /* PBXContainerItemProxy */ = {
			isa = PBXContainerItemProxy;
			containerPortal = A4B9DAA728CF2A4800AC7395 /* Project object */;
			proxyType = 1;
			remoteGlobalIDString = A4B9DAAE28CF2A4800AC7395;
			remoteInfo = Flix;
		};
/* End PBXContainerItemProxy section */

/* Begin PBXFileReference section */
		26248C7DB377C93BF1024A7F /* Pods-Flix-FlixUITests.debug.xcconfig */ = {isa = PBXFileReference; includeInIndex = 1; lastKnownFileType = text.xcconfig; name = "Pods-Flix-FlixUITests.debug.xcconfig"; path = "Target Support Files/Pods-Flix-FlixUITests/Pods-Flix-FlixUITests.debug.xcconfig"; sourceTree = "<group>"; };
		51D62E0017D286CDB0C047F7 /* Pods_Flix.framework */ = {isa = PBXFileReference; explicitFileType = wrapper.framework; includeInIndex = 0; path = Pods_Flix.framework; sourceTree = BUILT_PRODUCTS_DIR; };
		7A2A33F5086764DB4569F485 /* Pods-Flix.release.xcconfig */ = {isa = PBXFileReference; includeInIndex = 1; lastKnownFileType = text.xcconfig; name = "Pods-Flix.release.xcconfig"; path = "Target Support Files/Pods-Flix/Pods-Flix.release.xcconfig"; sourceTree = "<group>"; };
		8EBCBAAEAA5E44F36E312485 /* Pods_FlixTests.framework */ = {isa = PBXFileReference; explicitFileType = wrapper.framework; includeInIndex = 0; path = Pods_FlixTests.framework; sourceTree = BUILT_PRODUCTS_DIR; };
		A48DA94728CF3D81003737A5 /* MovieCell.swift */ = {isa = PBXFileReference; lastKnownFileType = sourcecode.swift; path = MovieCell.swift; sourceTree = "<group>"; };
		A4B9DAAF28CF2A4800AC7395 /* Flix.app */ = {isa = PBXFileReference; explicitFileType = wrapper.application; includeInIndex = 0; path = Flix.app; sourceTree = BUILT_PRODUCTS_DIR; };
		A4B9DAB228CF2A4800AC7395 /* AppDelegate.swift */ = {isa = PBXFileReference; lastKnownFileType = sourcecode.swift; path = AppDelegate.swift; sourceTree = "<group>"; };
		A4B9DAB428CF2A4800AC7395 /* SceneDelegate.swift */ = {isa = PBXFileReference; lastKnownFileType = sourcecode.swift; path = SceneDelegate.swift; sourceTree = "<group>"; };
		A4B9DAB628CF2A4800AC7395 /* ViewController.swift */ = {isa = PBXFileReference; lastKnownFileType = sourcecode.swift; path = ViewController.swift; sourceTree = "<group>"; };
		A4B9DAB928CF2A4800AC7395 /* Base */ = {isa = PBXFileReference; lastKnownFileType = file.storyboard; name = Base; path = Base.lproj/Main.storyboard; sourceTree = "<group>"; };
		A4B9DABB28CF2A4900AC7395 /* Assets.xcassets */ = {isa = PBXFileReference; lastKnownFileType = folder.assetcatalog; path = Assets.xcassets; sourceTree = "<group>"; };
		A4B9DABE28CF2A4900AC7395 /* Base */ = {isa = PBXFileReference; lastKnownFileType = file.storyboard; name = Base; path = Base.lproj/LaunchScreen.storyboard; sourceTree = "<group>"; };
		A4B9DAC028CF2A4900AC7395 /* Info.plist */ = {isa = PBXFileReference; lastKnownFileType = text.plist.xml; path = Info.plist; sourceTree = "<group>"; };
		A4B9DAC528CF2A4900AC7395 /* FlixTests.xctest */ = {isa = PBXFileReference; explicitFileType = wrapper.cfbundle; includeInIndex = 0; path = FlixTests.xctest; sourceTree = BUILT_PRODUCTS_DIR; };
		A4B9DAC928CF2A4900AC7395 /* FlixTests.swift */ = {isa = PBXFileReference; lastKnownFileType = sourcecode.swift; path = FlixTests.swift; sourceTree = "<group>"; };
		A4B9DACF28CF2A4900AC7395 /* FlixUITests.xctest */ = {isa = PBXFileReference; explicitFileType = wrapper.cfbundle; includeInIndex = 0; path = FlixUITests.xctest; sourceTree = BUILT_PRODUCTS_DIR; };
		A4B9DAD328CF2A4900AC7395 /* FlixUITests.swift */ = {isa = PBXFileReference; lastKnownFileType = sourcecode.swift; path = FlixUITests.swift; sourceTree = "<group>"; };
		A4B9DAD528CF2A4900AC7395 /* FlixUITestsLaunchTests.swift */ = {isa = PBXFileReference; lastKnownFileType = sourcecode.swift; path = FlixUITestsLaunchTests.swift; sourceTree = "<group>"; };
		B0953C8F9A3BB8B3211F1D22 /* Pods-FlixTests.release.xcconfig */ = {isa = PBXFileReference; includeInIndex = 1; lastKnownFileType = text.xcconfig; name = "Pods-FlixTests.release.xcconfig"; path = "Target Support Files/Pods-FlixTests/Pods-FlixTests.release.xcconfig"; sourceTree = "<group>"; };
		C221A627A57895DC7A65B830 /* Pods_Flix_FlixUITests.framework */ = {isa = PBXFileReference; explicitFileType = wrapper.framework; includeInIndex = 0; path = Pods_Flix_FlixUITests.framework; sourceTree = BUILT_PRODUCTS_DIR; };
		C8CBF1F06EE24357AF6EA5CD /* Pods-FlixTests.debug.xcconfig */ = {isa = PBXFileReference; includeInIndex = 1; lastKnownFileType = text.xcconfig; name = "Pods-FlixTests.debug.xcconfig"; path = "Target Support Files/Pods-FlixTests/Pods-FlixTests.debug.xcconfig"; sourceTree = "<group>"; };
		D73E26684EAE4BF850B45B6B /* Pods-Flix.debug.xcconfig */ = {isa = PBXFileReference; includeInIndex = 1; lastKnownFileType = text.xcconfig; name = "Pods-Flix.debug.xcconfig"; path = "Target Support Files/Pods-Flix/Pods-Flix.debug.xcconfig"; sourceTree = "<group>"; };
		EFD03B7F46A86A5230C18409 /* Pods-Flix-FlixUITests.release.xcconfig */ = {isa = PBXFileReference; includeInIndex = 1; lastKnownFileType = text.xcconfig; name = "Pods-Flix-FlixUITests.release.xcconfig"; path = "Target Support Files/Pods-Flix-FlixUITests/Pods-Flix-FlixUITests.release.xcconfig"; sourceTree = "<group>"; };
/* End PBXFileReference section */

/* Begin PBXFrameworksBuildPhase section */
		A4B9DAAC28CF2A4800AC7395 /* Frameworks */ = {
			isa = PBXFrameworksBuildPhase;
			buildActionMask = 2147483647;
			files = (
				D93C60C568E9F37F575F7F01 /* Pods_Flix.framework in Frameworks */,
			);
			runOnlyForDeploymentPostprocessing = 0;
		};
		A4B9DAC228CF2A4900AC7395 /* Frameworks */ = {
			isa = PBXFrameworksBuildPhase;
			buildActionMask = 2147483647;
			files = (
				574D3B7D549736145516FDCC /* Pods_FlixTests.framework in Frameworks */,
			);
			runOnlyForDeploymentPostprocessing = 0;
		};
		A4B9DACC28CF2A4900AC7395 /* Frameworks */ = {
			isa = PBXFrameworksBuildPhase;
			buildActionMask = 2147483647;
			files = (
				3F32C5DE288DAEAFFCFDC58A /* Pods_Flix_FlixUITests.framework in Frameworks */,
			);
			runOnlyForDeploymentPostprocessing = 0;
		};
/* End PBXFrameworksBuildPhase section */

/* Begin PBXGroup section */
		41769CC207F347DA82CE68C5 /* Pods */ = {
			isa = PBXGroup;
			children = (
				D73E26684EAE4BF850B45B6B /* Pods-Flix.debug.xcconfig */,
				7A2A33F5086764DB4569F485 /* Pods-Flix.release.xcconfig */,
				26248C7DB377C93BF1024A7F /* Pods-Flix-FlixUITests.debug.xcconfig */,
				EFD03B7F46A86A5230C18409 /* Pods-Flix-FlixUITests.release.xcconfig */,
				C8CBF1F06EE24357AF6EA5CD /* Pods-FlixTests.debug.xcconfig */,
				B0953C8F9A3BB8B3211F1D22 /* Pods-FlixTests.release.xcconfig */,
			);
			name = Pods;
			path = Pods;
			sourceTree = "<group>";
		};
		A4B9DAA628CF2A4800AC7395 = {
			isa = PBXGroup;
			children = (
				A4B9DAB128CF2A4800AC7395 /* Flix */,
				A4B9DAC828CF2A4900AC7395 /* FlixTests */,
				A4B9DAD228CF2A4900AC7395 /* FlixUITests */,
				A4B9DAB028CF2A4800AC7395 /* Products */,
				41769CC207F347DA82CE68C5 /* Pods */,
				D5F0B3AC1D3234C3854095E3 /* Frameworks */,
			);
			sourceTree = "<group>";
		};
		A4B9DAB028CF2A4800AC7395 /* Products */ = {
			isa = PBXGroup;
			children = (
				A4B9DAAF28CF2A4800AC7395 /* Flix.app */,
				A4B9DAC528CF2A4900AC7395 /* FlixTests.xctest */,
				A4B9DACF28CF2A4900AC7395 /* FlixUITests.xctest */,
			);
			name = Products;
			sourceTree = "<group>";
		};
		A4B9DAB128CF2A4800AC7395 /* Flix */ = {
			isa = PBXGroup;
			children = (
				A4B9DAB228CF2A4800AC7395 /* AppDelegate.swift */,
				A4B9DAB428CF2A4800AC7395 /* SceneDelegate.swift */,
				A4B9DAB628CF2A4800AC7395 /* ViewController.swift */,
				A4B9DAB828CF2A4800AC7395 /* Main.storyboard */,
				A48DA94728CF3D81003737A5 /* MovieCell.swift */,
				A4B9DABB28CF2A4900AC7395 /* Assets.xcassets */,
				A4B9DABD28CF2A4900AC7395 /* LaunchScreen.storyboard */,
				A4B9DAC028CF2A4900AC7395 /* Info.plist */,
			);
			path = Flix;
			sourceTree = "<group>";
		};
		A4B9DAC828CF2A4900AC7395 /* FlixTests */ = {
			isa = PBXGroup;
			children = (
				A4B9DAC928CF2A4900AC7395 /* FlixTests.swift */,
			);
			path = FlixTests;
			sourceTree = "<group>";
		};
		A4B9DAD228CF2A4900AC7395 /* FlixUITests */ = {
			isa = PBXGroup;
			children = (
				A4B9DAD328CF2A4900AC7395 /* FlixUITests.swift */,
				A4B9DAD528CF2A4900AC7395 /* FlixUITestsLaunchTests.swift */,
			);
			path = FlixUITests;
			sourceTree = "<group>";
		};
		D5F0B3AC1D3234C3854095E3 /* Frameworks */ = {
			isa = PBXGroup;
			children = (
				51D62E0017D286CDB0C047F7 /* Pods_Flix.framework */,
				C221A627A57895DC7A65B830 /* Pods_Flix_FlixUITests.framework */,
				8EBCBAAEAA5E44F36E312485 /* Pods_FlixTests.framework */,
			);
			name = Frameworks;
			sourceTree = "<group>";
		};
/* End PBXGroup section */

/* Begin PBXNativeTarget section */
		A4B9DAAE28CF2A4800AC7395 /* Flix */ = {
			isa = PBXNativeTarget;
			buildConfigurationList = A4B9DAD928CF2A4900AC7395 /* Build configuration list for PBXNativeTarget "Flix" */;
			buildPhases = (
				5F32F9079B067363B3B9C78A /* [CP] Check Pods Manifest.lock */,
				A4B9DAAB28CF2A4800AC7395 /* Sources */,
				A4B9DAAC28CF2A4800AC7395 /* Frameworks */,
				A4B9DAAD28CF2A4800AC7395 /* Resources */,
				5FC1703895C939E4A7DFD3EB /* [CP] Embed Pods Frameworks */,
			);
			buildRules = (
			);
			dependencies = (
			);
			name = Flix;
			productName = Flix;
			productReference = A4B9DAAF28CF2A4800AC7395 /* Flix.app */;
			productType = "com.apple.product-type.application";
		};
		A4B9DAC428CF2A4900AC7395 /* FlixTests */ = {
			isa = PBXNativeTarget;
			buildConfigurationList = A4B9DADC28CF2A4900AC7395 /* Build configuration list for PBXNativeTarget "FlixTests" */;
			buildPhases = (
				EA18A7DE240E40CB20B28705 /* [CP] Check Pods Manifest.lock */,
				A4B9DAC128CF2A4900AC7395 /* Sources */,
				A4B9DAC228CF2A4900AC7395 /* Frameworks */,
				A4B9DAC328CF2A4900AC7395 /* Resources */,
			);
			buildRules = (
			);
			dependencies = (
				A4B9DAC728CF2A4900AC7395 /* PBXTargetDependency */,
			);
			name = FlixTests;
			productName = FlixTests;
			productReference = A4B9DAC528CF2A4900AC7395 /* FlixTests.xctest */;
			productType = "com.apple.product-type.bundle.unit-test";
		};
		A4B9DACE28CF2A4900AC7395 /* FlixUITests */ = {
			isa = PBXNativeTarget;
			buildConfigurationList = A4B9DADF28CF2A4900AC7395 /* Build configuration list for PBXNativeTarget "FlixUITests" */;
			buildPhases = (
				89A6E634458996C3F486B3B5 /* [CP] Check Pods Manifest.lock */,
				A4B9DACB28CF2A4900AC7395 /* Sources */,
				A4B9DACC28CF2A4900AC7395 /* Frameworks */,
				A4B9DACD28CF2A4900AC7395 /* Resources */,
				FD1772EE9445C652B4778DCB /* [CP] Embed Pods Frameworks */,
			);
			buildRules = (
			);
			dependencies = (
				A4B9DAD128CF2A4900AC7395 /* PBXTargetDependency */,
			);
			name = FlixUITests;
			productName = FlixUITests;
			productReference = A4B9DACF28CF2A4900AC7395 /* FlixUITests.xctest */;
			productType = "com.apple.product-type.bundle.ui-testing";
		};
/* End PBXNativeTarget section */

/* Begin PBXProject section */
		A4B9DAA728CF2A4800AC7395 /* Project object */ = {
			isa = PBXProject;
			attributes = {
				BuildIndependentTargetsInParallel = 1;
				LastSwiftUpdateCheck = 1340;
				LastUpgradeCheck = 1340;
				TargetAttributes = {
					A4B9DAAE28CF2A4800AC7395 = {
						CreatedOnToolsVersion = 13.4.1;
					};
					A4B9DAC428CF2A4900AC7395 = {
						CreatedOnToolsVersion = 13.4.1;
						TestTargetID = A4B9DAAE28CF2A4800AC7395;
					};
					A4B9DACE28CF2A4900AC7395 = {
						CreatedOnToolsVersion = 13.4.1;
						TestTargetID = A4B9DAAE28CF2A4800AC7395;
					};
				};
			};
			buildConfigurationList = A4B9DAAA28CF2A4800AC7395 /* Build configuration list for PBXProject "Flix" */;
			compatibilityVersion = "Xcode 13.0";
			developmentRegion = en;
			hasScannedForEncodings = 0;
			knownRegions = (
				en,
				Base,
			);
			mainGroup = A4B9DAA628CF2A4800AC7395;
			productRefGroup = A4B9DAB028CF2A4800AC7395 /* Products */;
			projectDirPath = "";
			projectRoot = "";
			targets = (
				A4B9DAAE28CF2A4800AC7395 /* Flix */,
				A4B9DAC428CF2A4900AC7395 /* FlixTests */,
				A4B9DACE28CF2A4900AC7395 /* FlixUITests */,
			);
		};
/* End PBXProject section */

/* Begin PBXResourcesBuildPhase section */
		A4B9DAAD28CF2A4800AC7395 /* Resources */ = {
			isa = PBXResourcesBuildPhase;
			buildActionMask = 2147483647;
			files = (
				A4B9DABF28CF2A4900AC7395 /* LaunchScreen.storyboard in Resources */,
				A4B9DABC28CF2A4900AC7395 /* Assets.xcassets in Resources */,
				A4B9DABA28CF2A4800AC7395 /* Main.storyboard in Resources */,
			);
			runOnlyForDeploymentPostprocessing = 0;
		};
		A4B9DAC328CF2A4900AC7395 /* Resources */ = {
			isa = PBXResourcesBuildPhase;
			buildActionMask = 2147483647;
			files = (
			);
			runOnlyForDeploymentPostprocessing = 0;
		};
		A4B9DACD28CF2A4900AC7395 /* Resources */ = {
			isa = PBXResourcesBuildPhase;
			buildActionMask = 2147483647;
			files = (
			);
			runOnlyForDeploymentPostprocessing = 0;
		};
/* End PBXResourcesBuildPhase section */

/* Begin PBXShellScriptBuildPhase section */
		5F32F9079B067363B3B9C78A /* [CP] Check Pods Manifest.lock */ = {
			isa = PBXShellScriptBuildPhase;
			buildActionMask = 2147483647;
			files = (
			);
			inputFileListPaths = (
			);
			inputPaths = (
				"${PODS_PODFILE_DIR_PATH}/Podfile.lock",
				"${PODS_ROOT}/Manifest.lock",
			);
			name = "[CP] Check Pods Manifest.lock";
			outputFileListPaths = (
			);
			outputPaths = (
				"$(DERIVED_FILE_DIR)/Pods-Flix-checkManifestLockResult.txt",
			);
			runOnlyForDeploymentPostprocessing = 0;
			shellPath = /bin/sh;
			shellScript = "diff \"${PODS_PODFILE_DIR_PATH}/Podfile.lock\" \"${PODS_ROOT}/Manifest.lock\" > /dev/null\nif [ $? != 0 ] ; then\n    # print error to STDERR\n    echo \"error: The sandbox is not in sync with the Podfile.lock. Run 'pod install' or update your CocoaPods installation.\" >&2\n    exit 1\nfi\n# This output is used by Xcode 'outputs' to avoid re-running this script phase.\necho \"SUCCESS\" > \"${SCRIPT_OUTPUT_FILE_0}\"\n";
			showEnvVarsInLog = 0;
		};
		5FC1703895C939E4A7DFD3EB /* [CP] Embed Pods Frameworks */ = {
			isa = PBXShellScriptBuildPhase;
			buildActionMask = 2147483647;
			files = (
			);
			inputFileListPaths = (
				"${PODS_ROOT}/Target Support Files/Pods-Flix/Pods-Flix-frameworks-${CONFIGURATION}-input-files.xcfilelist",
			);
			name = "[CP] Embed Pods Frameworks";
			outputFileListPaths = (
				"${PODS_ROOT}/Target Support Files/Pods-Flix/Pods-Flix-frameworks-${CONFIGURATION}-output-files.xcfilelist",
			);
			runOnlyForDeploymentPostprocessing = 0;
			shellPath = /bin/sh;
			shellScript = "\"${PODS_ROOT}/Target Support Files/Pods-Flix/Pods-Flix-frameworks.sh\"\n";
			showEnvVarsInLog = 0;
		};
		89A6E634458996C3F486B3B5 /* [CP] Check Pods Manifest.lock */ = {
			isa = PBXShellScriptBuildPhase;
			buildActionMask = 2147483647;
			files = (
			);
			inputFileListPaths = (
			);
			inputPaths = (
				"${PODS_PODFILE_DIR_PATH}/Podfile.lock",
				"${PODS_ROOT}/Manifest.lock",
			);
			name = "[CP] Check Pods Manifest.lock";
			outputFileListPaths = (
			);
			outputPaths = (
				"$(DERIVED_FILE_DIR)/Pods-Flix-FlixUITests-checkManifestLockResult.txt",
			);
			runOnlyForDeploymentPostprocessing = 0;
			shellPath = /bin/sh;
			shellScript = "diff \"${PODS_PODFILE_DIR_PATH}/Podfile.lock\" \"${PODS_ROOT}/Manifest.lock\" > /dev/null\nif [ $? != 0 ] ; then\n    # print error to STDERR\n    echo \"error: The sandbox is not in sync with the Podfile.lock. Run 'pod install' or update your CocoaPods installation.\" >&2\n    exit 1\nfi\n# This output is used by Xcode 'outputs' to avoid re-running this script phase.\necho \"SUCCESS\" > \"${SCRIPT_OUTPUT_FILE_0}\"\n";
			showEnvVarsInLog = 0;
		};
		EA18A7DE240E40CB20B28705 /* [CP] Check Pods Manifest.lock */ = {
			isa = PBXShellScriptBuildPhase;
			buildActionMask = 2147483647;
			files = (
			);
			inputFileListPaths = (
			);
			inputPaths = (
				"${PODS_PODFILE_DIR_PATH}/Podfile.lock",
				"${PODS_ROOT}/Manifest.lock",
			);
			name = "[CP] Check Pods Manifest.lock";
			outputFileListPaths = (
			);
			outputPaths = (
				"$(DERIVED_FILE_DIR)/Pods-FlixTests-checkManifestLockResult.txt",
			);
			runOnlyForDeploymentPostprocessing = 0;
			shellPath = /bin/sh;
			shellScript = "diff \"${PODS_PODFILE_DIR_PATH}/Podfile.lock\" \"${PODS_ROOT}/Manifest.lock\" > /dev/null\nif [ $? != 0 ] ; then\n    # print error to STDERR\n    echo \"error: The sandbox is not in sync with the Podfile.lock. Run 'pod install' or update your CocoaPods installation.\" >&2\n    exit 1\nfi\n# This output is used by Xcode 'outputs' to avoid re-running this script phase.\necho \"SUCCESS\" > \"${SCRIPT_OUTPUT_FILE_0}\"\n";
			showEnvVarsInLog = 0;
		};
		FD1772EE9445C652B4778DCB /* [CP] Embed Pods Frameworks */ = {
			isa = PBXShellScriptBuildPhase;
			buildActionMask = 2147483647;
			files = (
			);
			inputFileListPaths = (
				"${PODS_ROOT}/Target Support Files/Pods-Flix-FlixUITests/Pods-Flix-FlixUITests-frameworks-${CONFIGURATION}-input-files.xcfilelist",
			);
			name = "[CP] Embed Pods Frameworks";
			outputFileListPaths = (
				"${PODS_ROOT}/Target Support Files/Pods-Flix-FlixUITests/Pods-Flix-FlixUITests-frameworks-${CONFIGURATION}-output-files.xcfilelist",
			);
			runOnlyForDeploymentPostprocessing = 0;
			shellPath = /bin/sh;
			shellScript = "\"${PODS_ROOT}/Target Support Files/Pods-Flix-FlixUITests/Pods-Flix-FlixUITests-frameworks.sh\"\n";
			showEnvVarsInLog = 0;
		};
/* End PBXShellScriptBuildPhase section */

/* Begin PBXSourcesBuildPhase section */
		A4B9DAAB28CF2A4800AC7395 /* Sources */ = {
			isa = PBXSourcesBuildPhase;
			buildActionMask = 2147483647;
			files = (
				A4B9DAB728CF2A4800AC7395 /* ViewController.swift in Sources */,
				A4B9DAB328CF2A4800AC7395 /* AppDelegate.swift in Sources */,
				A48DA94828CF3D81003737A5 /* MovieCell.swift in Sources */,
				A4B9DAB528CF2A4800AC7395 /* SceneDelegate.swift in Sources */,
			);
			runOnlyForDeploymentPostprocessing = 0;
		};
		A4B9DAC128CF2A4900AC7395 /* Sources */ = {
			isa = PBXSourcesBuildPhase;
			buildActionMask = 2147483647;
			files = (
				A4B9DACA28CF2A4900AC7395 /* FlixTests.swift in Sources */,
			);
			runOnlyForDeploymentPostprocessing = 0;
		};
		A4B9DACB28CF2A4900AC7395 /* Sources */ = {
			isa = PBXSourcesBuildPhase;
			buildActionMask = 2147483647;
			files = (
				A4B9DAD428CF2A4900AC7395 /* FlixUITests.swift in Sources */,
				A4B9DAD628CF2A4900AC7395 /* FlixUITestsLaunchTests.swift in Sources */,
			);
			runOnlyForDeploymentPostprocessing = 0;
		};
/* End PBXSourcesBuildPhase section */

/* Begin PBXTargetDependency section */
		A4B9DAC728CF2A4900AC7395 /* PBXTargetDependency */ = {
			isa = PBXTargetDependency;
			target = A4B9DAAE28CF2A4800AC7395 /* Flix */;
			targetProxy = A4B9DAC628CF2A4900AC7395 /* PBXContainerItemProxy */;
		};
		A4B9DAD128CF2A4900AC7395 /* PBXTargetDependency */ = {
			isa = PBXTargetDependency;
			target = A4B9DAAE28CF2A4800AC7395 /* Flix */;
			targetProxy = A4B9DAD028CF2A4900AC7395 /* PBXContainerItemProxy */;
		};
/* End PBXTargetDependency section */

/* Begin PBXVariantGroup section */
		A4B9DAB828CF2A4800AC7395 /* Main.storyboard */ = {
			isa = PBXVariantGroup;
			children = (
				A4B9DAB928CF2A4800AC7395 /* Base */,
			);
			name = Main.storyboard;
			sourceTree = "<group>";
		};
		A4B9DABD28CF2A4900AC7395 /* LaunchScreen.storyboard */ = {
			isa = PBXVariantGroup;
			children = (
				A4B9DABE28CF2A4900AC7395 /* Base */,
			);
			name = LaunchScreen.storyboard;
			sourceTree = "<group>";
		};
/* End PBXVariantGroup section */

/* Begin XCBuildConfiguration section */
		A4B9DAD728CF2A4900AC7395 /* Debug */ = {
			isa = XCBuildConfiguration;
			buildSettings = {
				ALWAYS_SEARCH_USER_PATHS = NO;
				CLANG_ANALYZER_NONNULL = YES;
				CLANG_ANALYZER_NUMBER_OBJECT_CONVERSION = YES_AGGRESSIVE;
				CLANG_CXX_LANGUAGE_STANDARD = "gnu++17";
				CLANG_ENABLE_MODULES = YES;
				CLANG_ENABLE_OBJC_ARC = YES;
				CLANG_ENABLE_OBJC_WEAK = YES;
				CLANG_WARN_BLOCK_CAPTURE_AUTORELEASING = YES;
				CLANG_WARN_BOOL_CONVERSION = YES;
				CLANG_WARN_COMMA = YES;
				CLANG_WARN_CONSTANT_CONVERSION = YES;
				CLANG_WARN_DEPRECATED_OBJC_IMPLEMENTATIONS = YES;
				CLANG_WARN_DIRECT_OBJC_ISA_USAGE = YES_ERROR;
				CLANG_WARN_DOCUMENTATION_COMMENTS = YES;
				CLANG_WARN_EMPTY_BODY = YES;
				CLANG_WARN_ENUM_CONVERSION = YES;
				CLANG_WARN_INFINITE_RECURSION = YES;
				CLANG_WARN_INT_CONVERSION = YES;
				CLANG_WARN_NON_LITERAL_NULL_CONVERSION = YES;
				CLANG_WARN_OBJC_IMPLICIT_RETAIN_SELF = YES;
				CLANG_WARN_OBJC_LITERAL_CONVERSION = YES;
				CLANG_WARN_OBJC_ROOT_CLASS = YES_ERROR;
				CLANG_WARN_QUOTED_INCLUDE_IN_FRAMEWORK_HEADER = YES;
				CLANG_WARN_RANGE_LOOP_ANALYSIS = YES;
				CLANG_WARN_STRICT_PROTOTYPES = YES;
				CLANG_WARN_SUSPICIOUS_MOVE = YES;
				CLANG_WARN_UNGUARDED_AVAILABILITY = YES_AGGRESSIVE;
				CLANG_WARN_UNREACHABLE_CODE = YES;
				CLANG_WARN__DUPLICATE_METHOD_MATCH = YES;
				COPY_PHASE_STRIP = NO;
				DEBUG_INFORMATION_FORMAT = dwarf;
				ENABLE_STRICT_OBJC_MSGSEND = YES;
				ENABLE_TESTABILITY = YES;
				GCC_C_LANGUAGE_STANDARD = gnu11;
				GCC_DYNAMIC_NO_PIC = NO;
				GCC_NO_COMMON_BLOCKS = YES;
				GCC_OPTIMIZATION_LEVEL = 0;
				GCC_PREPROCESSOR_DEFINITIONS = (
					"DEBUG=1",
					"$(inherited)",
				);
				GCC_WARN_64_TO_32_BIT_CONVERSION = YES;
				GCC_WARN_ABOUT_RETURN_TYPE = YES_ERROR;
				GCC_WARN_UNDECLARED_SELECTOR = YES;
				GCC_WARN_UNINITIALIZED_AUTOS = YES_AGGRESSIVE;
				GCC_WARN_UNUSED_FUNCTION = YES;
				GCC_WARN_UNUSED_VARIABLE = YES;
				IPHONEOS_DEPLOYMENT_TARGET = 15.5;
				MTL_ENABLE_DEBUG_INFO = INCLUDE_SOURCE;
				MTL_FAST_MATH = YES;
				ONLY_ACTIVE_ARCH = YES;
				SDKROOT = iphoneos;
				SWIFT_ACTIVE_COMPILATION_CONDITIONS = DEBUG;
				SWIFT_OPTIMIZATION_LEVEL = "-Onone";
			};
			name = Debug;
		};
		A4B9DAD828CF2A4900AC7395 /* Release */ = {
			isa = XCBuildConfiguration;
			buildSettings = {
				ALWAYS_SEARCH_USER_PATHS = NO;
				CLANG_ANALYZER_NONNULL = YES;
				CLANG_ANALYZER_NUMBER_OBJECT_CONVERSION = YES_AGGRESSIVE;
				CLANG_CXX_LANGUAGE_STANDARD = "gnu++17";
				CLANG_ENABLE_MODULES = YES;
				CLANG_ENABLE_OBJC_ARC = YES;
				CLANG_ENABLE_OBJC_WEAK = YES;
				CLANG_WARN_BLOCK_CAPTURE_AUTORELEASING = YES;
				CLANG_WARN_BOOL_CONVERSION = YES;
				CLANG_WARN_COMMA = YES;
				CLANG_WARN_CONSTANT_CONVERSION = YES;
				CLANG_WARN_DEPRECATED_OBJC_IMPLEMENTATIONS = YES;
				CLANG_WARN_DIRECT_OBJC_ISA_USAGE = YES_ERROR;
				CLANG_WARN_DOCUMENTATION_COMMENTS = YES;
				CLANG_WARN_EMPTY_BODY = YES;
				CLANG_WARN_ENUM_CONVERSION = YES;
				CLANG_WARN_INFINITE_RECURSION = YES;
				CLANG_WARN_INT_CONVERSION = YES;
				CLANG_WARN_NON_LITERAL_NULL_CONVERSION = YES;
				CLANG_WARN_OBJC_IMPLICIT_RETAIN_SELF = YES;
				CLANG_WARN_OBJC_LITERAL_CONVERSION = YES;
				CLANG_WARN_OBJC_ROOT_CLASS = YES_ERROR;
				CLANG_WARN_QUOTED_INCLUDE_IN_FRAMEWORK_HEADER = YES;
				CLANG_WARN_RANGE_LOOP_ANALYSIS = YES;
				CLANG_WARN_STRICT_PROTOTYPES = YES;
				CLANG_WARN_SUSPICIOUS_MOVE = YES;
				CLANG_WARN_UNGUARDED_AVAILABILITY = YES_AGGRESSIVE;
				CLANG_WARN_UNREACHABLE_CODE = YES;
				CLANG_WARN__DUPLICATE_METHOD_MATCH = YES;
				COPY_PHASE_STRIP = NO;
				DEBUG_INFORMATION_FORMAT = "dwarf-with-dsym";
				ENABLE_NS_ASSERTIONS = NO;
				ENABLE_STRICT_OBJC_MSGSEND = YES;
				GCC_C_LANGUAGE_STANDARD = gnu11;
				GCC_NO_COMMON_BLOCKS = YES;
				GCC_WARN_64_TO_32_BIT_CONVERSION = YES;
				GCC_WARN_ABOUT_RETURN_TYPE = YES_ERROR;
				GCC_WARN_UNDECLARED_SELECTOR = YES;
				GCC_WARN_UNINITIALIZED_AUTOS = YES_AGGRESSIVE;
				GCC_WARN_UNUSED_FUNCTION = YES;
				GCC_WARN_UNUSED_VARIABLE = YES;
				IPHONEOS_DEPLOYMENT_TARGET = 15.5;
				MTL_ENABLE_DEBUG_INFO = NO;
				MTL_FAST_MATH = YES;
				SDKROOT = iphoneos;
				SWIFT_COMPILATION_MODE = wholemodule;
				SWIFT_OPTIMIZATION_LEVEL = "-O";
				VALIDATE_PRODUCT = YES;
			};
			name = Release;
		};
		A4B9DADA28CF2A4900AC7395 /* Debug */ = {
			isa = XCBuildConfiguration;
			baseConfigurationReference = D73E26684EAE4BF850B45B6B /* Pods-Flix.debug.xcconfig */;
			buildSettings = {
				ASSETCATALOG_COMPILER_APPICON_NAME = AppIcon;
				ASSETCATALOG_COMPILER_GLOBAL_ACCENT_COLOR_NAME = AccentColor;
				CODE_SIGN_STYLE = Automatic;
				CURRENT_PROJECT_VERSION = 1;
				DEVELOPMENT_TEAM = QWB7M6VP43;
				GENERATE_INFOPLIST_FILE = YES;
				INFOPLIST_FILE = Flix/Info.plist;
				INFOPLIST_KEY_UIApplicationSupportsIndirectInputEvents = YES;
				INFOPLIST_KEY_UILaunchStoryboardName = LaunchScreen;
				INFOPLIST_KEY_UIMainStoryboardFile = Main;
				INFOPLIST_KEY_UISupportedInterfaceOrientations_iPad = "UIInterfaceOrientationPortrait UIInterfaceOrientationPortraitUpsideDown UIInterfaceOrientationLandscapeLeft UIInterfaceOrientationLandscapeRight";
				INFOPLIST_KEY_UISupportedInterfaceOrientations_iPhone = "UIInterfaceOrientationPortrait UIInterfaceOrientationLandscapeLeft UIInterfaceOrientationLandscapeRight";
				LD_RUNPATH_SEARCH_PATHS = (
					"$(inherited)",
					"@executable_path/Frameworks",
				);
				MARKETING_VERSION = 1.0;
				PRODUCT_BUNDLE_IDENTIFIER = com.Brandonng0904.Flix;
				PRODUCT_NAME = "$(TARGET_NAME)";
				SWIFT_EMIT_LOC_STRINGS = YES;
				SWIFT_VERSION = 5.0;
				TARGETED_DEVICE_FAMILY = "1,2";
			};
			name = Debug;
		};
		A4B9DADB28CF2A4900AC7395 /* Release */ = {
			isa = XCBuildConfiguration;
			baseConfigurationReference = 7A2A33F5086764DB4569F485 /* Pods-Flix.release.xcconfig */;
			buildSettings = {
				ASSETCATALOG_COMPILER_APPICON_NAME = AppIcon;
				ASSETCATALOG_COMPILER_GLOBAL_ACCENT_COLOR_NAME = AccentColor;
				CODE_SIGN_STYLE = Automatic;
				CURRENT_PROJECT_VERSION = 1;
				DEVELOPMENT_TEAM = QWB7M6VP43;
				GENERATE_INFOPLIST_FILE = YES;
				INFOPLIST_FILE = Flix/Info.plist;
				INFOPLIST_KEY_UIApplicationSupportsIndirectInputEvents = YES;
				INFOPLIST_KEY_UILaunchStoryboardName = LaunchScreen;
				INFOPLIST_KEY_UIMainStoryboardFile = Main;
				INFOPLIST_KEY_UISupportedInterfaceOrientations_iPad = "UIInterfaceOrientationPortrait UIInterfaceOrientationPortraitUpsideDown UIInterfaceOrientationLandscapeLeft UIInterfaceOrientationLandscapeRight";
				INFOPLIST_KEY_UISupportedInterfaceOrientations_iPhone = "UIInterfaceOrientationPortrait UIInterfaceOrientationLandscapeLeft UIInterfaceOrientationLandscapeRight";
				LD_RUNPATH_SEARCH_PATHS = (
					"$(inherited)",
					"@executable_path/Frameworks",
				);
				MARKETING_VERSION = 1.0;
				PRODUCT_BUNDLE_IDENTIFIER = com.Brandonng0904.Flix;
				PRODUCT_NAME = "$(TARGET_NAME)";
				SWIFT_EMIT_LOC_STRINGS = YES;
				SWIFT_VERSION = 5.0;
				TARGETED_DEVICE_FAMILY = "1,2";
			};
			name = Release;
		};
		A4B9DADD28CF2A4900AC7395 /* Debug */ = {
			isa = XCBuildConfiguration;
			baseConfigurationReference = C8CBF1F06EE24357AF6EA5CD /* Pods-FlixTests.debug.xcconfig */;
			buildSettings = {
				ALWAYS_EMBED_SWIFT_STANDARD_LIBRARIES = YES;
				BUNDLE_LOADER = "$(TEST_HOST)";
				CODE_SIGN_STYLE = Automatic;
				CURRENT_PROJECT_VERSION = 1;
				DEVELOPMENT_TEAM = QWB7M6VP43;
				GENERATE_INFOPLIST_FILE = YES;
				IPHONEOS_DEPLOYMENT_TARGET = 15.5;
				MARKETING_VERSION = 1.0;
				PRODUCT_BUNDLE_IDENTIFIER = com.Brandonng0904.FlixTests;
				PRODUCT_NAME = "$(TARGET_NAME)";
				SWIFT_EMIT_LOC_STRINGS = NO;
				SWIFT_VERSION = 5.0;
				TARGETED_DEVICE_FAMILY = "1,2";
				TEST_HOST = "$(BUILT_PRODUCTS_DIR)/Flix.app/Flix";
			};
			name = Debug;
		};
		A4B9DADE28CF2A4900AC7395 /* Release */ = {
			isa = XCBuildConfiguration;
			baseConfigurationReference = B0953C8F9A3BB8B3211F1D22 /* Pods-FlixTests.release.xcconfig */;
			buildSettings = {
				ALWAYS_EMBED_SWIFT_STANDARD_LIBRARIES = YES;
				BUNDLE_LOADER = "$(TEST_HOST)";
				CODE_SIGN_STYLE = Automatic;
				CURRENT_PROJECT_VERSION = 1;
				DEVELOPMENT_TEAM = QWB7M6VP43;
				GENERATE_INFOPLIST_FILE = YES;
				IPHONEOS_DEPLOYMENT_TARGET = 15.5;
				MARKETING_VERSION = 1.0;
				PRODUCT_BUNDLE_IDENTIFIER = com.Brandonng0904.FlixTests;
				PRODUCT_NAME = "$(TARGET_NAME)";
				SWIFT_EMIT_LOC_STRINGS = NO;
				SWIFT_VERSION = 5.0;
				TARGETED_DEVICE_FAMILY = "1,2";
				TEST_HOST = "$(BUILT_PRODUCTS_DIR)/Flix.app/Flix";
			};
			name = Release;
		};
		A4B9DAE028CF2A4900AC7395 /* Debug */ = {
			isa = XCBuildConfiguration;
			baseConfigurationReference = 26248C7DB377C93BF1024A7F /* Pods-Flix-FlixUITests.debug.xcconfig */;
			buildSettings = {
				ALWAYS_EMBED_SWIFT_STANDARD_LIBRARIES = YES;
				CODE_SIGN_STYLE = Automatic;
				CURRENT_PROJECT_VERSION = 1;
				DEVELOPMENT_TEAM = QWB7M6VP43;
				GENERATE_INFOPLIST_FILE = YES;
				MARKETING_VERSION = 1.0;
				PRODUCT_BUNDLE_IDENTIFIER = com.Brandonng0904.FlixUITests;
				PRODUCT_NAME = "$(TARGET_NAME)";
				SWIFT_EMIT_LOC_STRINGS = NO;
				SWIFT_VERSION = 5.0;
				TARGETED_DEVICE_FAMILY = "1,2";
				TEST_TARGET_NAME = Flix;
			};
			name = Debug;
		};
		A4B9DAE128CF2A4900AC7395 /* Release */ = {
			isa = XCBuildConfiguration;
			baseConfigurationReference = EFD03B7F46A86A5230C18409 /* Pods-Flix-FlixUITests.release.xcconfig */;
			buildSettings = {
				ALWAYS_EMBED_SWIFT_STANDARD_LIBRARIES = YES;
				CODE_SIGN_STYLE = Automatic;
				CURRENT_PROJECT_VERSION = 1;
				DEVELOPMENT_TEAM = QWB7M6VP43;
				GENERATE_INFOPLIST_FILE = YES;
				MARKETING_VERSION = 1.0;
				PRODUCT_BUNDLE_IDENTIFIER = com.Brandonng0904.FlixUITests;
				PRODUCT_NAME = "$(TARGET_NAME)";
				SWIFT_EMIT_LOC_STRINGS = NO;
				SWIFT_VERSION = 5.0;
				TARGETED_DEVICE_FAMILY = "1,2";
				TEST_TARGET_NAME = Flix;
			};
			name = Release;
		};
/* End XCBuildConfiguration section */

/* Begin XCConfigurationList section */
		A4B9DAAA28CF2A4800AC7395 /* Build configuration list for PBXProject "Flix" */ = {
			isa = XCConfigurationList;
			buildConfigurations = (
				A4B9DAD728CF2A4900AC7395 /* Debug */,
				A4B9DAD828CF2A4900AC7395 /* Release */,
			);
			defaultConfigurationIsVisible = 0;
			defaultConfigurationName = Release;
		};
		A4B9DAD928CF2A4900AC7395 /* Build configuration list for PBXNativeTarget "Flix" */ = {
			isa = XCConfigurationList;
			buildConfigurations = (
				A4B9DADA28CF2A4900AC7395 /* Debug */,
				A4B9DADB28CF2A4900AC7395 /* Release */,
			);
			defaultConfigurationIsVisible = 0;
			defaultConfigurationName = Release;
		};
		A4B9DADC28CF2A4900AC7395 /* Build configuration list for PBXNativeTarget "FlixTests" */ = {
			isa = XCConfigurationList;
			buildConfigurations = (
				A4B9DADD28CF2A4900AC7395 /* Debug */,
				A4B9DADE28CF2A4900AC7395 /* Release */,
			);
			defaultConfigurationIsVisible = 0;
			defaultConfigurationName = Release;
		};
		A4B9DADF28CF2A4900AC7395 /* Build configuration list for PBXNativeTarget "FlixUITests" */ = {
			isa = XCConfigurationList;
			buildConfigurations = (
				A4B9DAE028CF2A4900AC7395 /* Debug */,
				A4B9DAE128CF2A4900AC7395 /* Release */,
			);
			defaultConfigurationIsVisible = 0;
			defaultConfigurationName = Release;
		};
/* End XCConfigurationList section */
	};
	rootObject = A4B9DAA728CF2A4800AC7395 /* Project object */;
}
